
Microsoft Visual Studio Solution File, Format Version 11.00
# Visual Studio 2010
Project("{FAE04EC0-301F-11D3-BF4B-00C04F79EFBC}") = "Charcoal.Web", "Charcoal.Web\Charcoal.Web.csproj", "{8E36CF8F-C7DF-4B74-B4B5-20327A04ECE8}"
EndProject
Project("{FAE04EC0-301F-11D3-BF4B-00C04F79EFBC}") = "Charcoal.Common", "Charcoal.Common\Charcoal.Common.csproj", "{CB6B0C49-5469-49BE-B46A-9BB9E32CFDD1}"
EndProject
Project("{2150E333-8FDC-42A3-9474-1A3956D46DE8}") = "Tests", "Tests", "{33A977E9-3766-4129-B2E4-2CA6807B75FA}"
EndProject
Project("{FAE04EC0-301F-11D3-BF4B-00C04F79EFBC}") = "Charcoal.DataLayer.Tests", "Charcoal.DataLayer.Tests\Charcoal.DataLayer.Tests.csproj", "{939B503B-5AD7-4FCA-8E13-1616825CB3A5}"
EndProject
Project("{FAE04EC0-301F-11D3-BF4B-00C04F79EFBC}") = "Charcoal.Core.Tests", "Charcoal.Core.Tests\Charcoal.Core.Tests.csproj", "{600775AF-0572-4131-A180-2BD0B8930E84}"
EndProject
Project("{FAE04EC0-301F-11D3-BF4B-00C04F79EFBC}") = "Charcoal.Web.Tests", "Charcoal.Web.Tests\Charcoal.Web.Tests.csproj", "{5BA00BA7-1177-4B07-8D8B-F2D98345FD7B}"
EndProject
Project("{2150E333-8FDC-42A3-9474-1A3956D46DE8}") = "Core", "Core", "{4882A65D-1E77-4CDA-AA60-0608A4E2E7E1}"
EndProject
Project("{FAE04EC0-301F-11D3-BF4B-00C04F79EFBC}") = "Charcoal.Core", "Charcoal.Core\Charcoal.Core.csproj", "{1F95B1D5-BD33-4CEF-8F23-E0AA83AED9A7}"
EndProject
Project("{FAE04EC0-301F-11D3-BF4B-00C04F79EFBC}") = "Charcoal.Migrations", "Charcoal.Migrations\Charcoal.Migrations.csproj", "{0A030659-3A2D-4F60-A515-DC28AB5252E0}"
EndProject
Project("{FAE04EC0-301F-11D3-BF4B-00C04F79EFBC}") = "Charcoal.DataLayer", "Charcoal.DataLayer\Charcoal.DataLayer.csproj", "{73FE8271-3D9F-4827-80E4-330DDB2141FD}"
EndProject
Project("{FAE04EC0-301F-11D3-BF4B-00C04F79EFBC}") = "Charcoal.PivotalTracker", "Charcoal.PivotalTracker\Charcoal.PivotalTracker.csproj", "{579B9125-0944-4C30-A31F-6C70A0DDE1C8}"
EndProject
Project("{FAE04EC0-301F-11D3-BF4B-00C04F79EFBC}") = "Charcoal.GitHub", "Charcoal.GitHub\Charcoal.GitHub.csproj", "{C4D1620D-B85E-40AA-8759-9408AF3AB8AD}"
EndProject
Project("{FAE04EC0-301F-11D3-BF4B-00C04F79EFBC}") = "Charcoal.GitHub.Tests", "Charcoal.GitHub.Tests\Charcoal.GitHub.Tests.csproj", "{BB81F1E4-9702-437A-9D64-32E19929A0FC}"
EndProject
Global
	GlobalSection(SolutionConfigurationPlatforms) = preSolution
		Debug|Any CPU = Debug|Any CPU
		Debug|Mixed Platforms = Debug|Mixed Platforms
		Debug|x86 = Debug|x86
		Mac|Any CPU = Mac|Any CPU
		Mac|Mixed Platforms = Mac|Mixed Platforms
		Mac|x86 = Mac|x86
		Release|Any CPU = Release|Any CPU
		Release|Mixed Platforms = Release|Mixed Platforms
		Release|x86 = Release|x86
	EndGlobalSection
	GlobalSection(ProjectConfigurationPlatforms) = postSolution
		{8E36CF8F-C7DF-4B74-B4B5-20327A04ECE8}.Debug|Any CPU.ActiveCfg = Debug|Any CPU
		{8E36CF8F-C7DF-4B74-B4B5-20327A04ECE8}.Debug|Any CPU.Build.0 = Debug|Any CPU
		{8E36CF8F-C7DF-4B74-B4B5-20327A04ECE8}.Debug|Mixed Platforms.ActiveCfg = Debug|Any CPU
		{8E36CF8F-C7DF-4B74-B4B5-20327A04ECE8}.Debug|Mixed Platforms.Build.0 = Debug|Any CPU
		{8E36CF8F-C7DF-4B74-B4B5-20327A04ECE8}.Debug|x86.ActiveCfg = Debug|Any CPU
		{8E36CF8F-C7DF-4B74-B4B5-20327A04ECE8}.Mac|Any CPU.ActiveCfg = Mac|Any CPU
		{8E36CF8F-C7DF-4B74-B4B5-20327A04ECE8}.Mac|Any CPU.Build.0 = Mac|Any CPU
		{8E36CF8F-C7DF-4B74-B4B5-20327A04ECE8}.Mac|Mixed Platforms.ActiveCfg = Mac|Any CPU
		{8E36CF8F-C7DF-4B74-B4B5-20327A04ECE8}.Mac|Mixed Platforms.Build.0 = Mac|Any CPU
		{8E36CF8F-C7DF-4B74-B4B5-20327A04ECE8}.Mac|x86.ActiveCfg = Mac|Any CPU
		{8E36CF8F-C7DF-4B74-B4B5-20327A04ECE8}.Release|Any CPU.ActiveCfg = Release|Any CPU
		{8E36CF8F-C7DF-4B74-B4B5-20327A04ECE8}.Release|Any CPU.Build.0 = Release|Any CPU
		{8E36CF8F-C7DF-4B74-B4B5-20327A04ECE8}.Release|Mixed Platforms.ActiveCfg = Release|Any CPU
		{8E36CF8F-C7DF-4B74-B4B5-20327A04ECE8}.Release|Mixed Platforms.Build.0 = Release|Any CPU
		{8E36CF8F-C7DF-4B74-B4B5-20327A04ECE8}.Release|x86.ActiveCfg = Release|Any CPU
		{CB6B0C49-5469-49BE-B46A-9BB9E32CFDD1}.Debug|Any CPU.ActiveCfg = Debug|Any CPU
		{CB6B0C49-5469-49BE-B46A-9BB9E32CFDD1}.Debug|Any CPU.Build.0 = Debug|Any CPU
		{CB6B0C49-5469-49BE-B46A-9BB9E32CFDD1}.Debug|Mixed Platforms.ActiveCfg = Debug|Any CPU
		{CB6B0C49-5469-49BE-B46A-9BB9E32CFDD1}.Debug|Mixed Platforms.Build.0 = Debug|Any CPU
		{CB6B0C49-5469-49BE-B46A-9BB9E32CFDD1}.Debug|x86.ActiveCfg = Debug|Any CPU
		{CB6B0C49-5469-49BE-B46A-9BB9E32CFDD1}.Mac|Any CPU.ActiveCfg = Mac|Any CPU
		{CB6B0C49-5469-49BE-B46A-9BB9E32CFDD1}.Mac|Any CPU.Build.0 = Mac|Any CPU
		{CB6B0C49-5469-49BE-B46A-9BB9E32CFDD1}.Mac|Mixed Platforms.ActiveCfg = Mac|Any CPU
		{CB6B0C49-5469-49BE-B46A-9BB9E32CFDD1}.Mac|Mixed Platforms.Build.0 = Mac|Any CPU
		{CB6B0C49-5469-49BE-B46A-9BB9E32CFDD1}.Mac|x86.ActiveCfg = Mac|Any CPU
		{CB6B0C49-5469-49BE-B46A-9BB9E32CFDD1}.Release|Any CPU.ActiveCfg = Release|Any CPU
		{CB6B0C49-5469-49BE-B46A-9BB9E32CFDD1}.Release|Any CPU.Build.0 = Release|Any CPU
		{CB6B0C49-5469-49BE-B46A-9BB9E32CFDD1}.Release|Mixed Platforms.ActiveCfg = Release|Any CPU
		{CB6B0C49-5469-49BE-B46A-9BB9E32CFDD1}.Release|Mixed Platforms.Build.0 = Release|Any CPU
		{CB6B0C49-5469-49BE-B46A-9BB9E32CFDD1}.Release|x86.ActiveCfg = Release|Any CPU
		{939B503B-5AD7-4FCA-8E13-1616825CB3A5}.Debug|Any CPU.ActiveCfg = Debug|Any CPU
		{939B503B-5AD7-4FCA-8E13-1616825CB3A5}.Debug|Any CPU.Build.0 = Debug|Any CPU
		{939B503B-5AD7-4FCA-8E13-1616825CB3A5}.Debug|Mixed Platforms.ActiveCfg = Debug|Any CPU
		{939B503B-5AD7-4FCA-8E13-1616825CB3A5}.Debug|Mixed Platforms.Build.0 = Debug|Any CPU
		{939B503B-5AD7-4FCA-8E13-1616825CB3A5}.Debug|x86.ActiveCfg = Debug|Any CPU
		{939B503B-5AD7-4FCA-8E13-1616825CB3A5}.Mac|Any CPU.ActiveCfg = Mac|Any CPU
		{939B503B-5AD7-4FCA-8E13-1616825CB3A5}.Mac|Any CPU.Build.0 = Mac|Any CPU
		{939B503B-5AD7-4FCA-8E13-1616825CB3A5}.Mac|Mixed Platforms.ActiveCfg = Mac|Any CPU
		{939B503B-5AD7-4FCA-8E13-1616825CB3A5}.Mac|Mixed Platforms.Build.0 = Mac|Any CPU
		{939B503B-5AD7-4FCA-8E13-1616825CB3A5}.Mac|x86.ActiveCfg = Mac|Any CPU
		{939B503B-5AD7-4FCA-8E13-1616825CB3A5}.Release|Any CPU.ActiveCfg = Release|Any CPU
		{939B503B-5AD7-4FCA-8E13-1616825CB3A5}.Release|Any CPU.Build.0 = Release|Any CPU
		{939B503B-5AD7-4FCA-8E13-1616825CB3A5}.Release|Mixed Platforms.ActiveCfg = Release|Any CPU
		{939B503B-5AD7-4FCA-8E13-1616825CB3A5}.Release|Mixed Platforms.Build.0 = Release|Any CPU
		{939B503B-5AD7-4FCA-8E13-1616825CB3A5}.Release|x86.ActiveCfg = Release|Any CPU
		{600775AF-0572-4131-A180-2BD0B8930E84}.Debug|Any CPU.ActiveCfg = Debug|Any CPU
		{600775AF-0572-4131-A180-2BD0B8930E84}.Debug|Any CPU.Build.0 = Debug|Any CPU
		{600775AF-0572-4131-A180-2BD0B8930E84}.Debug|Mixed Platforms.ActiveCfg = Debug|Any CPU
		{600775AF-0572-4131-A180-2BD0B8930E84}.Debug|Mixed Platforms.Build.0 = Debug|Any CPU
		{600775AF-0572-4131-A180-2BD0B8930E84}.Debug|x86.ActiveCfg = Debug|Any CPU
		{600775AF-0572-4131-A180-2BD0B8930E84}.Mac|Any CPU.ActiveCfg = Mac|Any CPU
		{600775AF-0572-4131-A180-2BD0B8930E84}.Mac|Any CPU.Build.0 = Mac|Any CPU
		{600775AF-0572-4131-A180-2BD0B8930E84}.Mac|Mixed Platforms.ActiveCfg = Mac|Any CPU
		{600775AF-0572-4131-A180-2BD0B8930E84}.Mac|Mixed Platforms.Build.0 = Mac|Any CPU
		{600775AF-0572-4131-A180-2BD0B8930E84}.Mac|x86.ActiveCfg = Mac|Any CPU
		{600775AF-0572-4131-A180-2BD0B8930E84}.Release|Any CPU.ActiveCfg = Release|Any CPU
		{600775AF-0572-4131-A180-2BD0B8930E84}.Release|Any CPU.Build.0 = Release|Any CPU
		{600775AF-0572-4131-A180-2BD0B8930E84}.Release|Mixed Platforms.ActiveCfg = Release|Any CPU
		{600775AF-0572-4131-A180-2BD0B8930E84}.Release|Mixed Platforms.Build.0 = Release|Any CPU
		{600775AF-0572-4131-A180-2BD0B8930E84}.Release|x86.ActiveCfg = Release|Any CPU
		{5BA00BA7-1177-4B07-8D8B-F2D98345FD7B}.Debug|Any CPU.ActiveCfg = Debug|Any CPU
		{5BA00BA7-1177-4B07-8D8B-F2D98345FD7B}.Debug|Any CPU.Build.0 = Debug|Any CPU
		{5BA00BA7-1177-4B07-8D8B-F2D98345FD7B}.Debug|Mixed Platforms.ActiveCfg = Debug|Any CPU
		{5BA00BA7-1177-4B07-8D8B-F2D98345FD7B}.Debug|Mixed Platforms.Build.0 = Debug|Any CPU
		{5BA00BA7-1177-4B07-8D8B-F2D98345FD7B}.Debug|x86.ActiveCfg = Debug|Any CPU
		{5BA00BA7-1177-4B07-8D8B-F2D98345FD7B}.Debug|x86.Build.0 = Debug|Any CPU
		{5BA00BA7-1177-4B07-8D8B-F2D98345FD7B}.Mac|Any CPU.ActiveCfg = Mac|Any CPU
		{5BA00BA7-1177-4B07-8D8B-F2D98345FD7B}.Mac|Any CPU.Build.0 = Mac|Any CPU
		{5BA00BA7-1177-4B07-8D8B-F2D98345FD7B}.Mac|Mixed Platforms.ActiveCfg = Mac|Any CPU
		{5BA00BA7-1177-4B07-8D8B-F2D98345FD7B}.Mac|Mixed Platforms.Build.0 = Mac|Any CPU
		{5BA00BA7-1177-4B07-8D8B-F2D98345FD7B}.Mac|x86.ActiveCfg = Mac|Any CPU
		{5BA00BA7-1177-4B07-8D8B-F2D98345FD7B}.Mac|x86.Build.0 = Mac|Any CPU
		{5BA00BA7-1177-4B07-8D8B-F2D98345FD7B}.Release|Any CPU.ActiveCfg = Release|Any CPU
		{5BA00BA7-1177-4B07-8D8B-F2D98345FD7B}.Release|Any CPU.Build.0 = Release|Any CPU
		{5BA00BA7-1177-4B07-8D8B-F2D98345FD7B}.Release|Mixed Platforms.ActiveCfg = Release|Any CPU
		{5BA00BA7-1177-4B07-8D8B-F2D98345FD7B}.Release|Mixed Platforms.Build.0 = Release|Any CPU
		{5BA00BA7-1177-4B07-8D8B-F2D98345FD7B}.Release|x86.ActiveCfg = Release|Any CPU
		{5BA00BA7-1177-4B07-8D8B-F2D98345FD7B}.Release|x86.Build.0 = Release|Any CPU
		{1F95B1D5-BD33-4CEF-8F23-E0AA83AED9A7}.Debug|Any CPU.ActiveCfg = Debug|Any CPU
		{1F95B1D5-BD33-4CEF-8F23-E0AA83AED9A7}.Debug|Any CPU.Build.0 = Debug|Any CPU
		{1F95B1D5-BD33-4CEF-8F23-E0AA83AED9A7}.Debug|Mixed Platforms.ActiveCfg = Debug|Any CPU
		{1F95B1D5-BD33-4CEF-8F23-E0AA83AED9A7}.Debug|Mixed Platforms.Build.0 = Debug|Any CPU
		{1F95B1D5-BD33-4CEF-8F23-E0AA83AED9A7}.Debug|x86.ActiveCfg = Debug|Any CPU
		{1F95B1D5-BD33-4CEF-8F23-E0AA83AED9A7}.Mac|Any CPU.ActiveCfg = Mac|Any CPU
		{1F95B1D5-BD33-4CEF-8F23-E0AA83AED9A7}.Mac|Any CPU.Build.0 = Mac|Any CPU
		{1F95B1D5-BD33-4CEF-8F23-E0AA83AED9A7}.Mac|Mixed Platforms.ActiveCfg = Mac|Any CPU
		{1F95B1D5-BD33-4CEF-8F23-E0AA83AED9A7}.Mac|Mixed Platforms.Build.0 = Mac|Any CPU
		{1F95B1D5-BD33-4CEF-8F23-E0AA83AED9A7}.Mac|x86.ActiveCfg = Mac|Any CPU
		{1F95B1D5-BD33-4CEF-8F23-E0AA83AED9A7}.Release|Any CPU.ActiveCfg = Release|Any CPU
		{1F95B1D5-BD33-4CEF-8F23-E0AA83AED9A7}.Release|Any CPU.Build.0 = Release|Any CPU
		{1F95B1D5-BD33-4CEF-8F23-E0AA83AED9A7}.Release|Mixed Platforms.ActiveCfg = Release|Any CPU
		{1F95B1D5-BD33-4CEF-8F23-E0AA83AED9A7}.Release|Mixed Platforms.Build.0 = Release|Any CPU
		{1F95B1D5-BD33-4CEF-8F23-E0AA83AED9A7}.Release|x86.ActiveCfg = Release|Any CPU
		{0A030659-3A2D-4F60-A515-DC28AB5252E0}.Debug|Any CPU.ActiveCfg = Debug|Any CPU
		{0A030659-3A2D-4F60-A515-DC28AB5252E0}.Debug|Any CPU.Build.0 = Debug|Any CPU
		{0A030659-3A2D-4F60-A515-DC28AB5252E0}.Debug|Mixed Platforms.ActiveCfg = Debug|Any CPU
		{0A030659-3A2D-4F60-A515-DC28AB5252E0}.Debug|Mixed Platforms.Build.0 = Debug|Any CPU
		{0A030659-3A2D-4F60-A515-DC28AB5252E0}.Debug|x86.ActiveCfg = Debug|Any CPU
		{0A030659-3A2D-4F60-A515-DC28AB5252E0}.Mac|Any CPU.ActiveCfg = Mac|Any CPU
		{0A030659-3A2D-4F60-A515-DC28AB5252E0}.Mac|Any CPU.Build.0 = Mac|Any CPU
		{0A030659-3A2D-4F60-A515-DC28AB5252E0}.Mac|Mixed Platforms.ActiveCfg = Mac|Any CPU
		{0A030659-3A2D-4F60-A515-DC28AB5252E0}.Mac|Mixed Platforms.Build.0 = Mac|Any CPU
		{0A030659-3A2D-4F60-A515-DC28AB5252E0}.Mac|x86.ActiveCfg = Mac|Any CPU
		{0A030659-3A2D-4F60-A515-DC28AB5252E0}.Release|Any CPU.ActiveCfg = Release|Any CPU
		{0A030659-3A2D-4F60-A515-DC28AB5252E0}.Release|Any CPU.Build.0 = Release|Any CPU
		{0A030659-3A2D-4F60-A515-DC28AB5252E0}.Release|Mixed Platforms.ActiveCfg = Release|Any CPU
		{0A030659-3A2D-4F60-A515-DC28AB5252E0}.Release|Mixed Platforms.Build.0 = Release|Any CPU
		{0A030659-3A2D-4F60-A515-DC28AB5252E0}.Release|x86.ActiveCfg = Release|Any CPU
		{73FE8271-3D9F-4827-80E4-330DDB2141FD}.Debug|Any CPU.ActiveCfg = Debug|Any CPU
		{73FE8271-3D9F-4827-80E4-330DDB2141FD}.Debug|Any CPU.Build.0 = Debug|Any CPU
		{73FE8271-3D9F-4827-80E4-330DDB2141FD}.Debug|Mixed Platforms.ActiveCfg = Debug|Any CPU
		{73FE8271-3D9F-4827-80E4-330DDB2141FD}.Debug|Mixed Platforms.Build.0 = Debug|Any CPU
		{73FE8271-3D9F-4827-80E4-330DDB2141FD}.Debug|x86.ActiveCfg = Debug|Any CPU
		{73FE8271-3D9F-4827-80E4-330DDB2141FD}.Mac|Any CPU.ActiveCfg = Mac|Any CPU
		{73FE8271-3D9F-4827-80E4-330DDB2141FD}.Mac|Any CPU.Build.0 = Mac|Any CPU
		{73FE8271-3D9F-4827-80E4-330DDB2141FD}.Mac|Mixed Platforms.ActiveCfg = Mac|Any CPU
		{73FE8271-3D9F-4827-80E4-330DDB2141FD}.Mac|Mixed Platforms.Build.0 = Mac|Any CPU
		{73FE8271-3D9F-4827-80E4-330DDB2141FD}.Mac|x86.ActiveCfg = Mac|Any CPU
		{73FE8271-3D9F-4827-80E4-330DDB2141FD}.Release|Any CPU.ActiveCfg = Release|Any CPU
		{73FE8271-3D9F-4827-80E4-330DDB2141FD}.Release|Any CPU.Build.0 = Release|Any CPU
		{73FE8271-3D9F-4827-80E4-330DDB2141FD}.Release|Mixed Platforms.ActiveCfg = Release|Any CPU
		{73FE8271-3D9F-4827-80E4-330DDB2141FD}.Release|Mixed Platforms.Build.0 = Release|Any CPU
		{73FE8271-3D9F-4827-80E4-330DDB2141FD}.Release|x86.ActiveCfg = Release|Any CPU
		{579B9125-0944-4C30-A31F-6C70A0DDE1C8}.Debug|Any CPU.ActiveCfg = Debug|Any CPU
		{579B9125-0944-4C30-A31F-6C70A0DDE1C8}.Debug|Any CPU.Build.0 = Debug|Any CPU
		{579B9125-0944-4C30-A31F-6C70A0DDE1C8}.Debug|Mixed Platforms.ActiveCfg = Debug|Any CPU
		{579B9125-0944-4C30-A31F-6C70A0DDE1C8}.Debug|Mixed Platforms.Build.0 = Debug|Any CPU
		{579B9125-0944-4C30-A31F-6C70A0DDE1C8}.Debug|x86.ActiveCfg = Debug|Any CPU
		{579B9125-0944-4C30-A31F-6C70A0DDE1C8}.Mac|Any CPU.ActiveCfg = Mac|Any CPU
		{579B9125-0944-4C30-A31F-6C70A0DDE1C8}.Mac|Any CPU.Build.0 = Mac|Any CPU
		{579B9125-0944-4C30-A31F-6C70A0DDE1C8}.Mac|Mixed Platforms.ActiveCfg = Mac|Any CPU
		{579B9125-0944-4C30-A31F-6C70A0DDE1C8}.Mac|Mixed Platforms.Build.0 = Mac|Any CPU
		{579B9125-0944-4C30-A31F-6C70A0DDE1C8}.Mac|x86.ActiveCfg = Mac|Any CPU
		{579B9125-0944-4C30-A31F-6C70A0DDE1C8}.Release|Any CPU.ActiveCfg = Release|Any CPU
		{579B9125-0944-4C30-A31F-6C70A0DDE1C8}.Release|Any CPU.Build.0 = Release|Any CPU
		{579B9125-0944-4C30-A31F-6C70A0DDE1C8}.Release|Mixed Platforms.ActiveCfg = Release|Any CPU
		{579B9125-0944-4C30-A31F-6C70A0DDE1C8}.Release|Mixed Platforms.Build.0 = Release|Any CPU
		{579B9125-0944-4C30-A31F-6C70A0DDE1C8}.Release|x86.ActiveCfg = Release|Any CPU
		{C4D1620D-B85E-40AA-8759-9408AF3AB8AD}.Debug|Any CPU.ActiveCfg = Debug|Any CPU
		{C4D1620D-B85E-40AA-8759-9408AF3AB8AD}.Debug|Any CPU.Build.0 = Debug|Any CPU
		{C4D1620D-B85E-40AA-8759-9408AF3AB8AD}.Debug|Mixed Platforms.ActiveCfg = Debug|Any CPU
		{C4D1620D-B85E-40AA-8759-9408AF3AB8AD}.Debug|Mixed Platforms.Build.0 = Debug|Any CPU
		{C4D1620D-B85E-40AA-8759-9408AF3AB8AD}.Debug|x86.ActiveCfg = Debug|Any CPU
		{C4D1620D-B85E-40AA-8759-9408AF3AB8AD}.Mac|Any CPU.ActiveCfg = Release|Any CPU
		{C4D1620D-B85E-40AA-8759-9408AF3AB8AD}.Mac|Any CPU.Build.0 = Release|Any CPU
		{C4D1620D-B85E-40AA-8759-9408AF3AB8AD}.Mac|Mixed Platforms.ActiveCfg = Release|Any CPU
		{C4D1620D-B85E-40AA-8759-9408AF3AB8AD}.Mac|Mixed Platforms.Build.0 = Release|Any CPU
		{C4D1620D-B85E-40AA-8759-9408AF3AB8AD}.Mac|x86.ActiveCfg = Release|Any CPU
		{C4D1620D-B85E-40AA-8759-9408AF3AB8AD}.Release|Any CPU.ActiveCfg = Release|Any CPU
		{C4D1620D-B85E-40AA-8759-9408AF3AB8AD}.Release|Any CPU.Build.0 = Release|Any CPU
		{C4D1620D-B85E-40AA-8759-9408AF3AB8AD}.Release|Mixed Platforms.ActiveCfg = Release|Any CPU
		{C4D1620D-B85E-40AA-8759-9408AF3AB8AD}.Release|Mixed Platforms.Build.0 = Release|Any CPU
		{C4D1620D-B85E-40AA-8759-9408AF3AB8AD}.Release|x86.ActiveCfg = Release|Any CPU
		{BB81F1E4-9702-437A-9D64-32E19929A0FC}.Debug|Any CPU.ActiveCfg = Debug|Any CPU
		{BB81F1E4-9702-437A-9D64-32E19929A0FC}.Debug|Any CPU.Build.0 = Debug|Any CPU
		{BB81F1E4-9702-437A-9D64-32E19929A0FC}.Debug|Mixed Platforms.ActiveCfg = Debug|Any CPU
		{BB81F1E4-9702-437A-9D64-32E19929A0FC}.Debug|Mixed Platforms.Build.0 = Debug|Any CPU
		{BB81F1E4-9702-437A-9D64-32E19929A0FC}.Debug|x86.ActiveCfg = Debug|Any CPU
		{BB81F1E4-9702-437A-9D64-32E19929A0FC}.Mac|Any CPU.ActiveCfg = Release|Any CPU
		{BB81F1E4-9702-437A-9D64-32E19929A0FC}.Mac|Any CPU.Build.0 = Release|Any CPU
		{BB81F1E4-9702-437A-9D64-32E19929A0FC}.Mac|Mixed Platforms.ActiveCfg = Release|Any CPU
		{BB81F1E4-9702-437A-9D64-32E19929A0FC}.Mac|Mixed Platforms.Build.0 = Release|Any CPU
		{BB81F1E4-9702-437A-9D64-32E19929A0FC}.Mac|x86.ActiveCfg = Release|Any CPU
		{BB81F1E4-9702-437A-9D64-32E19929A0FC}.Release|Any CPU.ActiveCfg = Release|Any CPU
		{BB81F1E4-9702-437A-9D64-32E19929A0FC}.Release|Any CPU.Build.0 = Release|Any CPU
		{BB81F1E4-9702-437A-9D64-32E19929A0FC}.Release|Mixed Platforms.ActiveCfg = Release|Any CPU
		{BB81F1E4-9702-437A-9D64-32E19929A0FC}.Release|Mixed Platforms.Build.0 = Release|Any CPU
		{BB81F1E4-9702-437A-9D64-32E19929A0FC}.Release|x86.ActiveCfg = Release|Any CPU
	EndGlobalSection
	GlobalSection(SolutionProperties) = preSolution
		HideSolutionNode = FALSE
	EndGlobalSection
	GlobalSection(NestedProjects) = preSolution
		{939B503B-5AD7-4FCA-8E13-1616825CB3A5} = {33A977E9-3766-4129-B2E4-2CA6807B75FA}
		{600775AF-0572-4131-A180-2BD0B8930E84} = {33A977E9-3766-4129-B2E4-2CA6807B75FA}
		{5BA00BA7-1177-4B07-8D8B-F2D98345FD7B} = {33A977E9-3766-4129-B2E4-2CA6807B75FA}
		{1F95B1D5-BD33-4CEF-8F23-E0AA83AED9A7} = {4882A65D-1E77-4CDA-AA60-0608A4E2E7E1}
		{0A030659-3A2D-4F60-A515-DC28AB5252E0} = {4882A65D-1E77-4CDA-AA60-0608A4E2E7E1}
		{73FE8271-3D9F-4827-80E4-330DDB2141FD} = {4882A65D-1E77-4CDA-AA60-0608A4E2E7E1}
	EndGlobalSection
	GlobalSection(MonoDevelopProperties) = preSolution
		StartupItem = Charcoal.Web\Charcoal.Web.csproj
	EndGlobalSection
EndGlobal
