
Microsoft Visual Studio Solution File, Format Version 11.00
# Visual Studio 2010
Project("{FAE04EC0-301F-11D3-BF4B-00C04F79EFBC}") = "PivotalConsole", "PivotalConsole\PivotalConsole.csproj", "{CD417566-E84C-4B16-82C9-016D5B21FA65}"
EndProject
Project("{FAE04EC0-301F-11D3-BF4B-00C04F79EFBC}") = "PivotalExtension", "PivotalExtension\PivotalExtension.csproj", "{61668B98-5E55-44F0-9500-D9A365751411}"
EndProject
Project("{FAE04EC0-301F-11D3-BF4B-00C04F79EFBC}") = "PivotalTrackerDotNet", "PivotalTrackerDotNet\PivotalTrackerDotNet.csproj", "{579B9125-0944-4C30-A31F-6C70A0DDE1C8}"
EndProject
Project("{FAE04EC0-301F-11D3-BF4B-00C04F79EFBC}") = "PivotalTrackerDotNet.Tests", "PivotalTrackerDotNet.Tests\PivotalTrackerDotNet.Tests.csproj", "{F8BBC90D-76F0-4787-9041-A13398BF5331}"
EndProject
Project("{FAE04EC0-301F-11D3-BF4B-00C04F79EFBC}") = "PivotalExtension.TaskManager", "PivotalExtension.TaskManager\PivotalExtension.TaskManager.csproj", "{8E36CF8F-C7DF-4B74-B4B5-20327A04ECE8}"
EndProject
Project("{FAE04EC0-301F-11D3-BF4B-00C04F79EFBC}") = "PivotalExtension.TaskManager.Tests", "PivotalExtension.TaskManager.Tests\PivotalExtension.TaskManager.Tests.csproj", "{5BA00BA7-1177-4B07-8D8B-F2D98345FD7B}"
EndProject
Global
	GlobalSection(SolutionConfigurationPlatforms) = preSolution
		Debug|Any CPU = Debug|Any CPU
		Debug|Mixed Platforms = Debug|Mixed Platforms
		Debug|x86 = Debug|x86
		Release|Any CPU = Release|Any CPU
		Release|Mixed Platforms = Release|Mixed Platforms
		Release|x86 = Release|x86
	EndGlobalSection
	GlobalSection(ProjectConfigurationPlatforms) = postSolution
		{CD417566-E84C-4B16-82C9-016D5B21FA65}.Debug|Any CPU.ActiveCfg = Debug|x86
		{CD417566-E84C-4B16-82C9-016D5B21FA65}.Debug|Mixed Platforms.ActiveCfg = Debug|x86
		{CD417566-E84C-4B16-82C9-016D5B21FA65}.Debug|Mixed Platforms.Build.0 = Debug|x86
		{CD417566-E84C-4B16-82C9-016D5B21FA65}.Debug|x86.ActiveCfg = Debug|x86
		{CD417566-E84C-4B16-82C9-016D5B21FA65}.Debug|x86.Build.0 = Debug|x86
		{CD417566-E84C-4B16-82C9-016D5B21FA65}.Release|Any CPU.ActiveCfg = Release|x86
		{CD417566-E84C-4B16-82C9-016D5B21FA65}.Release|Mixed Platforms.ActiveCfg = Release|x86
		{CD417566-E84C-4B16-82C9-016D5B21FA65}.Release|Mixed Platforms.Build.0 = Release|x86
		{CD417566-E84C-4B16-82C9-016D5B21FA65}.Release|x86.ActiveCfg = Release|x86
		{CD417566-E84C-4B16-82C9-016D5B21FA65}.Release|x86.Build.0 = Release|x86
		{61668B98-5E55-44F0-9500-D9A365751411}.Debug|Any CPU.ActiveCfg = Debug|Any CPU
		{61668B98-5E55-44F0-9500-D9A365751411}.Debug|Any CPU.Build.0 = Debug|Any CPU
		{61668B98-5E55-44F0-9500-D9A365751411}.Debug|Mixed Platforms.ActiveCfg = Debug|Any CPU
		{61668B98-5E55-44F0-9500-D9A365751411}.Debug|Mixed Platforms.Build.0 = Debug|Any CPU
		{61668B98-5E55-44F0-9500-D9A365751411}.Debug|x86.ActiveCfg = Debug|Any CPU
		{61668B98-5E55-44F0-9500-D9A365751411}.Release|Any CPU.ActiveCfg = Release|Any CPU
		{61668B98-5E55-44F0-9500-D9A365751411}.Release|Any CPU.Build.0 = Release|Any CPU
		{61668B98-5E55-44F0-9500-D9A365751411}.Release|Mixed Platforms.ActiveCfg = Release|Any CPU
		{61668B98-5E55-44F0-9500-D9A365751411}.Release|Mixed Platforms.Build.0 = Release|Any CPU
		{61668B98-5E55-44F0-9500-D9A365751411}.Release|x86.ActiveCfg = Release|Any CPU
		{579B9125-0944-4C30-A31F-6C70A0DDE1C8}.Debug|Any CPU.ActiveCfg = Debug|Any CPU
		{579B9125-0944-4C30-A31F-6C70A0DDE1C8}.Debug|Any CPU.Build.0 = Debug|Any CPU
		{579B9125-0944-4C30-A31F-6C70A0DDE1C8}.Debug|Mixed Platforms.ActiveCfg = Debug|Any CPU
		{579B9125-0944-4C30-A31F-6C70A0DDE1C8}.Debug|Mixed Platforms.Build.0 = Debug|Any CPU
		{579B9125-0944-4C30-A31F-6C70A0DDE1C8}.Debug|x86.ActiveCfg = Debug|Any CPU
		{579B9125-0944-4C30-A31F-6C70A0DDE1C8}.Release|Any CPU.ActiveCfg = Release|Any CPU
		{579B9125-0944-4C30-A31F-6C70A0DDE1C8}.Release|Any CPU.Build.0 = Release|Any CPU
		{579B9125-0944-4C30-A31F-6C70A0DDE1C8}.Release|Mixed Platforms.ActiveCfg = Release|Any CPU
		{579B9125-0944-4C30-A31F-6C70A0DDE1C8}.Release|Mixed Platforms.Build.0 = Release|Any CPU
		{579B9125-0944-4C30-A31F-6C70A0DDE1C8}.Release|x86.ActiveCfg = Release|Any CPU
		{F8BBC90D-76F0-4787-9041-A13398BF5331}.Debug|Any CPU.ActiveCfg = Debug|Any CPU
		{F8BBC90D-76F0-4787-9041-A13398BF5331}.Debug|Any CPU.Build.0 = Debug|Any CPU
		{F8BBC90D-76F0-4787-9041-A13398BF5331}.Debug|Mixed Platforms.ActiveCfg = Debug|Any CPU
		{F8BBC90D-76F0-4787-9041-A13398BF5331}.Debug|Mixed Platforms.Build.0 = Debug|Any CPU
		{F8BBC90D-76F0-4787-9041-A13398BF5331}.Debug|x86.ActiveCfg = Debug|Any CPU
		{F8BBC90D-76F0-4787-9041-A13398BF5331}.Release|Any CPU.ActiveCfg = Release|Any CPU
		{F8BBC90D-76F0-4787-9041-A13398BF5331}.Release|Any CPU.Build.0 = Release|Any CPU
		{F8BBC90D-76F0-4787-9041-A13398BF5331}.Release|Mixed Platforms.ActiveCfg = Release|Any CPU
		{F8BBC90D-76F0-4787-9041-A13398BF5331}.Release|Mixed Platforms.Build.0 = Release|Any CPU
		{F8BBC90D-76F0-4787-9041-A13398BF5331}.Release|x86.ActiveCfg = Release|Any CPU
		{8E36CF8F-C7DF-4B74-B4B5-20327A04ECE8}.Debug|Any CPU.ActiveCfg = Debug|Any CPU
		{8E36CF8F-C7DF-4B74-B4B5-20327A04ECE8}.Debug|Any CPU.Build.0 = Debug|Any CPU
		{8E36CF8F-C7DF-4B74-B4B5-20327A04ECE8}.Debug|Mixed Platforms.ActiveCfg = Debug|Any CPU
		{8E36CF8F-C7DF-4B74-B4B5-20327A04ECE8}.Debug|Mixed Platforms.Build.0 = Debug|Any CPU
		{8E36CF8F-C7DF-4B74-B4B5-20327A04ECE8}.Debug|x86.ActiveCfg = Debug|Any CPU
		{8E36CF8F-C7DF-4B74-B4B5-20327A04ECE8}.Release|Any CPU.ActiveCfg = Release|Any CPU
		{8E36CF8F-C7DF-4B74-B4B5-20327A04ECE8}.Release|Any CPU.Build.0 = Release|Any CPU
		{8E36CF8F-C7DF-4B74-B4B5-20327A04ECE8}.Release|Mixed Platforms.ActiveCfg = Release|Any CPU
		{8E36CF8F-C7DF-4B74-B4B5-20327A04ECE8}.Release|Mixed Platforms.Build.0 = Release|Any CPU
		{8E36CF8F-C7DF-4B74-B4B5-20327A04ECE8}.Release|x86.ActiveCfg = Release|Any CPU
		{5BA00BA7-1177-4B07-8D8B-F2D98345FD7B}.Debug|Any CPU.ActiveCfg = Debug|Any CPU
		{5BA00BA7-1177-4B07-8D8B-F2D98345FD7B}.Debug|Any CPU.Build.0 = Debug|Any CPU
		{5BA00BA7-1177-4B07-8D8B-F2D98345FD7B}.Debug|Mixed Platforms.ActiveCfg = Debug|Any CPU
		{5BA00BA7-1177-4B07-8D8B-F2D98345FD7B}.Debug|Mixed Platforms.Build.0 = Debug|Any CPU
		{5BA00BA7-1177-4B07-8D8B-F2D98345FD7B}.Debug|x86.ActiveCfg = Debug|Any CPU
		{5BA00BA7-1177-4B07-8D8B-F2D98345FD7B}.Release|Any CPU.ActiveCfg = Release|Any CPU
		{5BA00BA7-1177-4B07-8D8B-F2D98345FD7B}.Release|Any CPU.Build.0 = Release|Any CPU
		{5BA00BA7-1177-4B07-8D8B-F2D98345FD7B}.Release|Mixed Platforms.ActiveCfg = Release|Any CPU
		{5BA00BA7-1177-4B07-8D8B-F2D98345FD7B}.Release|Mixed Platforms.Build.0 = Release|Any CPU
		{5BA00BA7-1177-4B07-8D8B-F2D98345FD7B}.Release|x86.ActiveCfg = Release|Any CPU
	EndGlobalSection
	GlobalSection(SolutionProperties) = preSolution
		HideSolutionNode = FALSE
	EndGlobalSection
EndGlobal
